
Microsoft Visual Studio Solution File, Format Version 12.00
# Visual Studio Version 17
VisualStudioVersion = 17.5.2.0
MinimumVisualStudioVersion = 10.0.40219.1
Project("{2150E333-8FDC-42A3-9474-1A3956D46DE8}") = "src", "src", "{827E0CD3-B72D-47B6-A68D-7590B98EB39B}"
EndProject
Project("{2150E333-8FDC-42A3-9474-1A3956D46DE8}") = "c-sharp", "c-sharp", "{63836567-FD2A-2466-356F-C1D3E7E66DC5}"
EndProject
Project("{2150E333-8FDC-42A3-9474-1A3956D46DE8}") = "asp.net", "asp.net", "{57264BB3-BC86-918E-2593-A50815A571D4}"
EndProject
Project("{FAE04EC0-301F-11D3-BF4B-00C04F79EFBC}") = "Banana.Api", "src\c-sharp\asp.net\Banana.Api.csproj", "{B17B3C2D-2B4D-D0FF-A3EC-481EBB3E166E}"
EndProject
Project("{2150E333-8FDC-42A3-9474-1A3956D46DE8}") = "tests", "tests", "{0AB3BF05-4346-4AA6-1389-037BE0695223}"
EndProject
Project("{2150E333-8FDC-42A3-9474-1A3956D46DE8}") = "unit", "unit", "{9D556B49-86D1-93A7-9596-FFAAB74EC556}"
EndProject
Project("{FAE04EC0-301F-11D3-BF4B-00C04F79EFBC}") = "Banana.Api.Tests.Unit", "tests\unit\Banana.Api.Tests.Unit.csproj", "{1A724FBA-9DE3-4482-8616-33A04697D792}"
EndProject
Global
	GlobalSection(SolutionConfigurationPlatforms) = preSolution
		Debug|Any CPU = Debug|Any CPU
		Debug|x64 = Debug|x64
		Debug|x86 = Debug|x86
		Release|Any CPU = Release|Any CPU
		Release|x64 = Release|x64
		Release|x86 = Release|x86
	EndGlobalSection
	GlobalSection(ProjectConfigurationPlatforms) = postSolution
		{B17B3C2D-2B4D-D0FF-A3EC-481EBB3E166E}.Debug|Any CPU.ActiveCfg = Debug|Any CPU
		{B17B3C2D-2B4D-D0FF-A3EC-481EBB3E166E}.Debug|Any CPU.Build.0 = Debug|Any CPU
		{B17B3C2D-2B4D-D0FF-A3EC-481EBB3E166E}.Debug|x64.ActiveCfg = Debug|Any CPU
		{B17B3C2D-2B4D-D0FF-A3EC-481EBB3E166E}.Debug|x64.Build.0 = Debug|Any CPU
		{B17B3C2D-2B4D-D0FF-A3EC-481EBB3E166E}.Debug|x86.ActiveCfg = Debug|Any CPU
		{B17B3C2D-2B4D-D0FF-A3EC-481EBB3E166E}.Debug|x86.Build.0 = Debug|Any CPU
		{B17B3C2D-2B4D-D0FF-A3EC-481EBB3E166E}.Release|Any CPU.ActiveCfg = Release|Any CPU
		{B17B3C2D-2B4D-D0FF-A3EC-481EBB3E166E}.Release|Any CPU.Build.0 = Release|Any CPU
		{B17B3C2D-2B4D-D0FF-A3EC-481EBB3E166E}.Release|x64.ActiveCfg = Release|Any CPU
		{B17B3C2D-2B4D-D0FF-A3EC-481EBB3E166E}.Release|x64.Build.0 = Release|Any CPU
		{B17B3C2D-2B4D-D0FF-A3EC-481EBB3E166E}.Release|x86.ActiveCfg = Release|Any CPU
		{B17B3C2D-2B4D-D0FF-A3EC-481EBB3E166E}.Release|x86.Build.0 = Release|Any CPU
		{1A724FBA-9DE3-4482-8616-33A04697D792}.Debug|Any CPU.ActiveCfg = Debug|Any CPU
		{1A724FBA-9DE3-4482-8616-33A04697D792}.Debug|Any CPU.Build.0 = Debug|Any CPU
		{1A724FBA-9DE3-4482-8616-33A04697D792}.Debug|x64.ActiveCfg = Debug|Any CPU
		{1A724FBA-9DE3-4482-8616-33A04697D792}.Debug|x64.Build.0 = Debug|Any CPU
		{1A724FBA-9DE3-4482-8616-33A04697D792}.Debug|x86.ActiveCfg = Debug|Any CPU
		{1A724FBA-9DE3-4482-8616-33A04697D792}.Debug|x86.Build.0 = Debug|Any CPU
		{1A724FBA-9DE3-4482-8616-33A04697D792}.Release|Any CPU.ActiveCfg = Release|Any CPU
		{1A724FBA-9DE3-4482-8616-33A04697D792}.Release|Any CPU.Build.0 = Release|Any CPU
		{1A724FBA-9DE3-4482-8616-33A04697D792}.Release|x64.ActiveCfg = Release|Any CPU
		{1A724FBA-9DE3-4482-8616-33A04697D792}.Release|x64.Build.0 = Release|Any CPU
		{1A724FBA-9DE3-4482-8616-33A04697D792}.Release|x86.ActiveCfg = Release|Any CPU
		{1A724FBA-9DE3-4482-8616-33A04697D792}.Release|x86.Build.0 = Release|Any CPU
	EndGlobalSection
	GlobalSection(SolutionProperties) = preSolution
		HideSolutionNode = FALSE
	EndGlobalSection
	GlobalSection(NestedProjects) = preSolution
		{63836567-FD2A-2466-356F-C1D3E7E66DC5} = {827E0CD3-B72D-47B6-A68D-7590B98EB39B}
		{57264BB3-BC86-918E-2593-A50815A571D4} = {63836567-FD2A-2466-356F-C1D3E7E66DC5}
		{B17B3C2D-2B4D-D0FF-A3EC-481EBB3E166E} = {57264BB3-BC86-918E-2593-A50815A571D4}
		{9D556B49-86D1-93A7-9596-FFAAB74EC556} = {0AB3BF05-4346-4AA6-1389-037BE0695223}
		{1A724FBA-9DE3-4482-8616-33A04697D792} = {9D556B49-86D1-93A7-9596-FFAAB74EC556}
	EndGlobalSection
	GlobalSection(ExtensibilityGlobals) = postSolution
		SolutionGuid = {4F849077-49F2-47C7-B186-6F8A32C2AEF2}
	EndGlobalSection
EndGlobal
